
Microsoft Visual Studio Solution File, Format Version 12.00
# Visual Studio Version 17
VisualStudioVersion = 17.8.34309.116
MinimumVisualStudioVersion = 10.0.40219.1
Project("{8BC9CEB8-8B4A-11D0-8D11-00A0C91BC942}") = "Prog3_2_1", "Prog3_2_1\Prog3_2_1.vcxproj", "{8E38E20D-44FB-4620-999A-5C4C6FEC962E}"
EndProject
Project("{8BC9CEB8-8B4A-11D0-8D11-00A0C91BC942}") = "Prog3_2_2", "Prog3_2_2\Prog3_2_2.vcxproj", "{88CCAD7C-CDC3-4273-8C62-5694876A5F63}"
EndProject
Project("{8BC9CEB8-8B4A-11D0-8D11-00A0C91BC942}") = "Prog3_2_3", "Prog3_2_3\Prog3_2_3.vcxproj", "{8AE40DE0-9E6A-4A01-89FA-594E3D6DCF8F}"
EndProject
Project("{8BC9CEB8-8B4A-11D0-8D11-00A0C91BC942}") = "Prog3_2_4", "Prog3_2_4\Prog3_2_4.vcxproj", "{2C5E94C9-C94C-493E-80F3-493A39FD6009}"
EndProject
Project("{8BC9CEB8-8B4A-11D0-8D11-00A0C91BC942}") = "Prog3_2_5", "Prog3_2_5\Prog3_2_5.vcxproj", "{9C1B71C3-0F8C-44DF-8EB9-D8F1D4CD3419}"
EndProject
Project("{8BC9CEB8-8B4A-11D0-8D11-00A0C91BC942}") = "Prog3_2_6", "Prog3_2_6\Prog3_2_6.vcxproj", "{31DD9F6A-6292-4A8A-A727-CE152EF8EA42}"
EndProject
Project("{8BC9CEB8-8B4A-11D0-8D11-00A0C91BC942}") = "Prog3_2_10", "Prog3_2_10\Prog3_2_10.vcxproj", "{1769FFC6-F92F-43F8-B4F1-4610D0D7A86B}"
EndProject
Project("{8BC9CEB8-8B4A-11D0-8D11-00A0C91BC942}") = "Prog3_2_11", "Prog3_2_11\Prog3_2_11.vcxproj", "{788CB3A0-E2E5-4EFE-9273-5CA49D63BC0E}"
EndProject
Project("{8BC9CEB8-8B4A-11D0-8D11-00A0C91BC942}") = "Prog3_2_12", "Prog3_2_12\Prog3_2_12.vcxproj", "{CCC48CD5-5306-4080-8536-B24478C22DB2}"
EndProject
Global
	GlobalSection(SolutionConfigurationPlatforms) = preSolution
		Debug|x64 = Debug|x64
		Debug|x86 = Debug|x86
		Release|x64 = Release|x64
		Release|x86 = Release|x86
	EndGlobalSection
	GlobalSection(ProjectConfigurationPlatforms) = postSolution
		{8E38E20D-44FB-4620-999A-5C4C6FEC962E}.Debug|x64.ActiveCfg = Debug|x64
		{8E38E20D-44FB-4620-999A-5C4C6FEC962E}.Debug|x64.Build.0 = Debug|x64
		{8E38E20D-44FB-4620-999A-5C4C6FEC962E}.Debug|x86.ActiveCfg = Debug|Win32
		{8E38E20D-44FB-4620-999A-5C4C6FEC962E}.Debug|x86.Build.0 = Debug|Win32
		{8E38E20D-44FB-4620-999A-5C4C6FEC962E}.Release|x64.ActiveCfg = Release|x64
		{8E38E20D-44FB-4620-999A-5C4C6FEC962E}.Release|x64.Build.0 = Release|x64
		{8E38E20D-44FB-4620-999A-5C4C6FEC962E}.Release|x86.ActiveCfg = Release|Win32
		{8E38E20D-44FB-4620-999A-5C4C6FEC962E}.Release|x86.Build.0 = Release|Win32
		{88CCAD7C-CDC3-4273-8C62-5694876A5F63}.Debug|x64.ActiveCfg = Debug|x64
		{88CCAD7C-CDC3-4273-8C62-5694876A5F63}.Debug|x64.Build.0 = Debug|x64
		{88CCAD7C-CDC3-4273-8C62-5694876A5F63}.Debug|x86.ActiveCfg = Debug|Win32
		{88CCAD7C-CDC3-4273-8C62-5694876A5F63}.Debug|x86.Build.0 = Debug|Win32
		{88CCAD7C-CDC3-4273-8C62-5694876A5F63}.Release|x64.ActiveCfg = Release|x64
		{88CCAD7C-CDC3-4273-8C62-5694876A5F63}.Release|x64.Build.0 = Release|x64
		{88CCAD7C-CDC3-4273-8C62-5694876A5F63}.Release|x86.ActiveCfg = Release|Win32
		{88CCAD7C-CDC3-4273-8C62-5694876A5F63}.Release|x86.Build.0 = Release|Win32
		{8AE40DE0-9E6A-4A01-89FA-594E3D6DCF8F}.Debug|x64.ActiveCfg = Debug|x64
		{8AE40DE0-9E6A-4A01-89FA-594E3D6DCF8F}.Debug|x64.Build.0 = Debug|x64
		{8AE40DE0-9E6A-4A01-89FA-594E3D6DCF8F}.Debug|x86.ActiveCfg = Debug|Win32
		{8AE40DE0-9E6A-4A01-89FA-594E3D6DCF8F}.Debug|x86.Build.0 = Debug|Win32
		{8AE40DE0-9E6A-4A01-89FA-594E3D6DCF8F}.Release|x64.ActiveCfg = Release|x64
		{8AE40DE0-9E6A-4A01-89FA-594E3D6DCF8F}.Release|x64.Build.0 = Release|x64
		{8AE40DE0-9E6A-4A01-89FA-594E3D6DCF8F}.Release|x86.ActiveCfg = Release|Win32
		{8AE40DE0-9E6A-4A01-89FA-594E3D6DCF8F}.Release|x86.Build.0 = Release|Win32
		{2C5E94C9-C94C-493E-80F3-493A39FD6009}.Debug|x64.ActiveCfg = Debug|x64
		{2C5E94C9-C94C-493E-80F3-493A39FD6009}.Debug|x64.Build.0 = Debug|x64
		{2C5E94C9-C94C-493E-80F3-493A39FD6009}.Debug|x86.ActiveCfg = Debug|Win32
		{2C5E94C9-C94C-493E-80F3-493A39FD6009}.Debug|x86.Build.0 = Debug|Win32
		{2C5E94C9-C94C-493E-80F3-493A39FD6009}.Release|x64.ActiveCfg = Release|x64
		{2C5E94C9-C94C-493E-80F3-493A39FD6009}.Release|x64.Build.0 = Release|x64
		{2C5E94C9-C94C-493E-80F3-493A39FD6009}.Release|x86.ActiveCfg = Release|Win32
		{2C5E94C9-C94C-493E-80F3-493A39FD6009}.Release|x86.Build.0 = Release|Win32
		{9C1B71C3-0F8C-44DF-8EB9-D8F1D4CD3419}.Debug|x64.ActiveCfg = Debug|x64
		{9C1B71C3-0F8C-44DF-8EB9-D8F1D4CD3419}.Debug|x64.Build.0 = Debug|x64
		{9C1B71C3-0F8C-44DF-8EB9-D8F1D4CD3419}.Debug|x86.ActiveCfg = Debug|Win32
		{9C1B71C3-0F8C-44DF-8EB9-D8F1D4CD3419}.Debug|x86.Build.0 = Debug|Win32
		{9C1B71C3-0F8C-44DF-8EB9-D8F1D4CD3419}.Release|x64.ActiveCfg = Release|x64
		{9C1B71C3-0F8C-44DF-8EB9-D8F1D4CD3419}.Release|x64.Build.0 = Release|x64
		{9C1B71C3-0F8C-44DF-8EB9-D8F1D4CD3419}.Release|x86.ActiveCfg = Release|Win32
		{9C1B71C3-0F8C-44DF-8EB9-D8F1D4CD3419}.Release|x86.Build.0 = Release|Win32
		{31DD9F6A-6292-4A8A-A727-CE152EF8EA42}.Debug|x64.ActiveCfg = Debug|x64
		{31DD9F6A-6292-4A8A-A727-CE152EF8EA42}.Debug|x64.Build.0 = Debug|x64
		{31DD9F6A-6292-4A8A-A727-CE152EF8EA42}.Debug|x86.ActiveCfg = Debug|Win32
		{31DD9F6A-6292-4A8A-A727-CE152EF8EA42}.Debug|x86.Build.0 = Debug|Win32
		{31DD9F6A-6292-4A8A-A727-CE152EF8EA42}.Release|x64.ActiveCfg = Release|x64
		{31DD9F6A-6292-4A8A-A727-CE152EF8EA42}.Release|x64.Build.0 = Release|x64
		{31DD9F6A-6292-4A8A-A727-CE152EF8EA42}.Release|x86.ActiveCfg = Release|Win32
		{31DD9F6A-6292-4A8A-A727-CE152EF8EA42}.Release|x86.Build.0 = Release|Win32
		{1769FFC6-F92F-43F8-B4F1-4610D0D7A86B}.Debug|x64.ActiveCfg = Debug|x64
		{1769FFC6-F92F-43F8-B4F1-4610D0D7A86B}.Debug|x64.Build.0 = Debug|x64
		{1769FFC6-F92F-43F8-B4F1-4610D0D7A86B}.Debug|x86.ActiveCfg = Debug|Win32
		{1769FFC6-F92F-43F8-B4F1-4610D0D7A86B}.Debug|x86.Build.0 = Debug|Win32
		{1769FFC6-F92F-43F8-B4F1-4610D0D7A86B}.Release|x64.ActiveCfg = Release|x64
		{1769FFC6-F92F-43F8-B4F1-4610D0D7A86B}.Release|x64.Build.0 = Release|x64
		{1769FFC6-F92F-43F8-B4F1-4610D0D7A86B}.Release|x86.ActiveCfg = Release|Win32
		{1769FFC6-F92F-43F8-B4F1-4610D0D7A86B}.Release|x86.Build.0 = Release|Win32
		{788CB3A0-E2E5-4EFE-9273-5CA49D63BC0E}.Debug|x64.ActiveCfg = Debug|x64
		{788CB3A0-E2E5-4EFE-9273-5CA49D63BC0E}.Debug|x64.Build.0 = Debug|x64
		{788CB3A0-E2E5-4EFE-9273-5CA49D63BC0E}.Debug|x86.ActiveCfg = Debug|Win32
		{788CB3A0-E2E5-4EFE-9273-5CA49D63BC0E}.Debug|x86.Build.0 = Debug|Win32
		{788CB3A0-E2E5-4EFE-9273-5CA49D63BC0E}.Release|x64.ActiveCfg = Release|x64
		{788CB3A0-E2E5-4EFE-9273-5CA49D63BC0E}.Release|x64.Build.0 = Release|x64
		{788CB3A0-E2E5-4EFE-9273-5CA49D63BC0E}.Release|x86.ActiveCfg = Release|Win32
		{788CB3A0-E2E5-4EFE-9273-5CA49D63BC0E}.Release|x86.Build.0 = Release|Win32
		{CCC48CD5-5306-4080-8536-B24478C22DB2}.Debug|x64.ActiveCfg = Debug|x64
		{CCC48CD5-5306-4080-8536-B24478C22DB2}.Debug|x64.Build.0 = Debug|x64
		{CCC48CD5-5306-4080-8536-B24478C22DB2}.Debug|x86.ActiveCfg = Debug|Win32
		{CCC48CD5-5306-4080-8536-B24478C22DB2}.Debug|x86.Build.0 = Debug|Win32
		{CCC48CD5-5306-4080-8536-B24478C22DB2}.Release|x64.ActiveCfg = Release|x64
		{CCC48CD5-5306-4080-8536-B24478C22DB2}.Release|x64.Build.0 = Release|x64
		{CCC48CD5-5306-4080-8536-B24478C22DB2}.Release|x86.ActiveCfg = Release|Win32
		{CCC48CD5-5306-4080-8536-B24478C22DB2}.Release|x86.Build.0 = Release|Win32
	EndGlobalSection
	GlobalSection(SolutionProperties) = preSolution
		HideSolutionNode = FALSE
	EndGlobalSection
	GlobalSection(ExtensibilityGlobals) = postSolution
		SolutionGuid = {268897FF-B952-49D5-9477-774FC6A58E02}
	EndGlobalSection
EndGlobal
